{
  "name": "@nk/keyboard-interactions",
  "version": "0.1.0",
  "lockfileVersion": 1,
  "requires": true,
  "dependencies": {
    "jquery": {
      "version": "3.2.1",
      "resolved": "https://registry.npmjs.org/jquery/-/jquery-3.2.1.tgz",
      "integrity": "sha1-XE2d5lKvbNCncBVKYxu6ErAVx4c="
    },
    "mousetrap": {
      "version": "1.6.1",
      "resolved": "https://registry.npmjs.org/mousetrap/-/mousetrap-1.6.1.tgz",
      "integrity": "sha1-KghfXHUSlMdefoH27CVFspy/Qtk="
    }
  }
}
