{
  "name": "@nk11/keyboard-interactions",
  "version": "0.2.0",
  "lockfileVersion": 1,
  "requires": true,
  "dependencies": {
    "humaninput": {
      "version": "1.1.15",
      "resolved": "https://registry.npmjs.org/humaninput/-/humaninput-1.1.15.tgz",
      "integrity": "sha1-xkaIu6ucJIpW2amFuxkXvGuJHM8="
    },
    "jquery": {
      "version": "3.3.1",
      "resolved": "https://registry.npmjs.org/jquery/-/jquery-3.3.1.tgz",
      "integrity": "sha512-Ubldcmxp5np52/ENotGxlLe6aGMvmF4R8S6tZjsP6Knsaxd/xp3Zrh50cG93lR6nPXyUFwzN3ZSOQI0wRJNdGg=="
    },
    "keypress.js": {
      "version": "2.1.5",
      "resolved": "https://registry.npmjs.org/keypress.js/-/keypress.js-2.1.5.tgz",
      "integrity": "sha512-PQpeWxG6vNuTT0Gq20LyAzqSpeBWtQ6DTYIJB7JMJEetgF730Om9e6y82GdEv06o1iaJiH1hh2JpSOXK3zIAdA=="
    },
    "lodash": {
      "version": "4.17.10",
      "resolved": "https://registry.npmjs.org/lodash/-/lodash-4.17.10.tgz",
      "integrity": "sha512-UejweD1pDoXu+AD825lWwp4ZGtSwgnpZxb3JDViD7StjQz+Nb/6l093lx4OQ0foGWNRoc19mWy7BzL+UAK2iVg=="
    },
    "mousetrap": {
      "version": "1.6.1",
      "resolved": "https://registry.npmjs.org/mousetrap/-/mousetrap-1.6.1.tgz",
      "integrity": "sha1-KghfXHUSlMdefoH27CVFspy/Qtk="
    },
    "mutation-summary": {
      "version": "0.1.1",
      "resolved": "https://registry.npmjs.org/mutation-summary/-/mutation-summary-0.1.1.tgz",
      "integrity": "sha1-DL2wyZGx+yWWV8yCueVxClOkFqk="
    }
  }
}
